
Microsoft Visual Studio Solution File, Format Version 12.00
# Visual Studio Version 17
VisualStudioVersion = 17.0.31903.59
MinimumVisualStudioVersion = 10.0.40219.1
Project("{FAE04EC0-301F-11D3-BF4B-00C04F79EFBC}") = "Zalmo.Core", "Zalmo.Core\Zalmo.Core.csproj", "{F9745329-A5C0-42BB-A0E3-81CDA8638A85}"
EndProject
Project("{FAE04EC0-301F-11D3-BF4B-00C04F79EFBC}") = "Zalmo.Infrastructure", "Zalmo.Infrastructure\Zalmo.Infrastructure.csproj", "{3AEDC2A1-306D-40EC-849D-E844D8ECD3E8}"
EndProject
Project("{FAE04EC0-301F-11D3-BF4B-00C04F79EFBC}") = "Zalmo.UI", "Zalmo.UI\Zalmo.UI.csproj", "{04ECAD76-BD9C-40DA-BC6B-B08FBC8E4887}"
EndProject
Project("{FAE04EC0-301F-11D3-BF4B-00C04F79EFBC}") = "Zalmo.Tests", "Zalmo.Tests\Zalmo.Tests.csproj", "{05584C86-B291-4E75-8DF1-330C469DBFD1}"
EndProject
Global
	GlobalSection(SolutionConfigurationPlatforms) = preSolution
		Debug|Any CPU = Debug|Any CPU
		Debug|x64 = Debug|x64
		Debug|x86 = Debug|x86
		Release|Any CPU = Release|Any CPU
		Release|x64 = Release|x64
		Release|x86 = Release|x86
	EndGlobalSection
	GlobalSection(ProjectConfigurationPlatforms) = postSolution
		{F9745329-A5C0-42BB-A0E3-81CDA8638A85}.Debug|Any CPU.ActiveCfg = Debug|Any CPU
		{F9745329-A5C0-42BB-A0E3-81CDA8638A85}.Debug|Any CPU.Build.0 = Debug|Any CPU
		{F9745329-A5C0-42BB-A0E3-81CDA8638A85}.Debug|x64.ActiveCfg = Debug|Any CPU
		{F9745329-A5C0-42BB-A0E3-81CDA8638A85}.Debug|x64.Build.0 = Debug|Any CPU
		{F9745329-A5C0-42BB-A0E3-81CDA8638A85}.Debug|x86.ActiveCfg = Debug|Any CPU
		{F9745329-A5C0-42BB-A0E3-81CDA8638A85}.Debug|x86.Build.0 = Debug|Any CPU
		{F9745329-A5C0-42BB-A0E3-81CDA8638A85}.Release|Any CPU.ActiveCfg = Release|Any CPU
		{F9745329-A5C0-42BB-A0E3-81CDA8638A85}.Release|Any CPU.Build.0 = Release|Any CPU
		{F9745329-A5C0-42BB-A0E3-81CDA8638A85}.Release|x64.ActiveCfg = Release|Any CPU
		{F9745329-A5C0-42BB-A0E3-81CDA8638A85}.Release|x64.Build.0 = Release|Any CPU
		{F9745329-A5C0-42BB-A0E3-81CDA8638A85}.Release|x86.ActiveCfg = Release|Any CPU
		{F9745329-A5C0-42BB-A0E3-81CDA8638A85}.Release|x86.Build.0 = Release|Any CPU
		{3AEDC2A1-306D-40EC-849D-E844D8ECD3E8}.Debug|Any CPU.ActiveCfg = Debug|Any CPU
		{3AEDC2A1-306D-40EC-849D-E844D8ECD3E8}.Debug|Any CPU.Build.0 = Debug|Any CPU
		{3AEDC2A1-306D-40EC-849D-E844D8ECD3E8}.Debug|x64.ActiveCfg = Debug|Any CPU
		{3AEDC2A1-306D-40EC-849D-E844D8ECD3E8}.Debug|x64.Build.0 = Debug|Any CPU
		{3AEDC2A1-306D-40EC-849D-E844D8ECD3E8}.Debug|x86.ActiveCfg = Debug|Any CPU
		{3AEDC2A1-306D-40EC-849D-E844D8ECD3E8}.Debug|x86.Build.0 = Debug|Any CPU
		{3AEDC2A1-306D-40EC-849D-E844D8ECD3E8}.Release|Any CPU.ActiveCfg = Release|Any CPU
		{3AEDC2A1-306D-40EC-849D-E844D8ECD3E8}.Release|Any CPU.Build.0 = Release|Any CPU
		{3AEDC2A1-306D-40EC-849D-E844D8ECD3E8}.Release|x64.ActiveCfg = Release|Any CPU
		{3AEDC2A1-306D-40EC-849D-E844D8ECD3E8}.Release|x64.Build.0 = Release|Any CPU
		{3AEDC2A1-306D-40EC-849D-E844D8ECD3E8}.Release|x86.ActiveCfg = Release|Any CPU
		{3AEDC2A1-306D-40EC-849D-E844D8ECD3E8}.Release|x86.Build.0 = Release|Any CPU
		{04ECAD76-BD9C-40DA-BC6B-B08FBC8E4887}.Debug|Any CPU.ActiveCfg = Debug|Any CPU
		{04ECAD76-BD9C-40DA-BC6B-B08FBC8E4887}.Debug|Any CPU.Build.0 = Debug|Any CPU
		{04ECAD76-BD9C-40DA-BC6B-B08FBC8E4887}.Debug|x64.ActiveCfg = Debug|Any CPU
		{04ECAD76-BD9C-40DA-BC6B-B08FBC8E4887}.Debug|x64.Build.0 = Debug|Any CPU
		{04ECAD76-BD9C-40DA-BC6B-B08FBC8E4887}.Debug|x86.ActiveCfg = Debug|Any CPU
		{04ECAD76-BD9C-40DA-BC6B-B08FBC8E4887}.Debug|x86.Build.0 = Debug|Any CPU
		{04ECAD76-BD9C-40DA-BC6B-B08FBC8E4887}.Release|Any CPU.ActiveCfg = Release|Any CPU
		{04ECAD76-BD9C-40DA-BC6B-B08FBC8E4887}.Release|Any CPU.Build.0 = Release|Any CPU
		{04ECAD76-BD9C-40DA-BC6B-B08FBC8E4887}.Release|x64.ActiveCfg = Release|Any CPU
		{04ECAD76-BD9C-40DA-BC6B-B08FBC8E4887}.Release|x64.Build.0 = Release|Any CPU
		{04ECAD76-BD9C-40DA-BC6B-B08FBC8E4887}.Release|x86.ActiveCfg = Release|Any CPU
		{04ECAD76-BD9C-40DA-BC6B-B08FBC8E4887}.Release|x86.Build.0 = Release|Any CPU
		{05584C86-B291-4E75-8DF1-330C469DBFD1}.Debug|Any CPU.ActiveCfg = Debug|Any CPU
		{05584C86-B291-4E75-8DF1-330C469DBFD1}.Debug|Any CPU.Build.0 = Debug|Any CPU
		{05584C86-B291-4E75-8DF1-330C469DBFD1}.Debug|x64.ActiveCfg = Debug|Any CPU
		{05584C86-B291-4E75-8DF1-330C469DBFD1}.Debug|x64.Build.0 = Debug|Any CPU
		{05584C86-B291-4E75-8DF1-330C469DBFD1}.Debug|x86.ActiveCfg = Debug|Any CPU
		{05584C86-B291-4E75-8DF1-330C469DBFD1}.Debug|x86.Build.0 = Debug|Any CPU
		{05584C86-B291-4E75-8DF1-330C469DBFD1}.Release|Any CPU.ActiveCfg = Release|Any CPU
		{05584C86-B291-4E75-8DF1-330C469DBFD1}.Release|Any CPU.Build.0 = Release|Any CPU
		{05584C86-B291-4E75-8DF1-330C469DBFD1}.Release|x64.ActiveCfg = Release|Any CPU
		{05584C86-B291-4E75-8DF1-330C469DBFD1}.Release|x64.Build.0 = Release|Any CPU
		{05584C86-B291-4E75-8DF1-330C469DBFD1}.Release|x86.ActiveCfg = Release|Any CPU
		{05584C86-B291-4E75-8DF1-330C469DBFD1}.Release|x86.Build.0 = Release|Any CPU
	EndGlobalSection
	GlobalSection(SolutionProperties) = preSolution
		HideSolutionNode = FALSE
	EndGlobalSection
EndGlobal
